// !$*UTF8*$!
{
	archiveVersion = 1;
	classes = {
	};
	objectVersion = 56;
	objects = {

/* Begin PBXBuildFile section */
		3A22136E2AE588D000511D42 /* AnimesListTableViewController.swift in Sources */ = {isa = PBXBuildFile; fileRef = 3A22136D2AE588D000511D42 /* AnimesListTableViewController.swift */; };
		3A2213712AE588FD00511D42 /* AnimesListTableViewCell.swift in Sources */ = {isa = PBXBuildFile; fileRef = 3A22136F2AE588FD00511D42 /* AnimesListTableViewCell.swift */; };
		3A2213722AE588FD00511D42 /* AnimesListTableViewCell.xib in Resources */ = {isa = PBXBuildFile; fileRef = 3A2213702AE588FD00511D42 /* AnimesListTableViewCell.xib */; };
		3A2213742AE5AB4200511D42 /* AnimesDiscoveryResponse.swift in Sources */ = {isa = PBXBuildFile; fileRef = 3A2213732AE5AB4200511D42 /* AnimesDiscoveryResponse.swift */; };
		3A2213762AE5AEA600511D42 /* AnimesDiscoveryDetailResponse.swift in Sources */ = {isa = PBXBuildFile; fileRef = 3A2213752AE5AEA600511D42 /* AnimesDiscoveryDetailResponse.swift */; };
		3A2213792AE5EDCA00511D42 /* ViewCodeProtocol.swift in Sources */ = {isa = PBXBuildFile; fileRef = 3A2213782AE5EDCA00511D42 /* ViewCodeProtocol.swift */; };
		3A22138D2AE5F31800511D42 /* ServiceProtocol.swift in Sources */ = {isa = PBXBuildFile; fileRef = 3A2213872AE5F31800511D42 /* ServiceProtocol.swift */; };
		3A22138E2AE5F31800511D42 /* NetworkService.swift in Sources */ = {isa = PBXBuildFile; fileRef = 3A2213882AE5F31800511D42 /* NetworkService.swift */; };
		3A22138F2AE5F31800511D42 /* HttpMethod.swift in Sources */ = {isa = PBXBuildFile; fileRef = 3A2213892AE5F31800511D42 /* HttpMethod.swift */; };
		3A2213902AE5F31800511D42 /* RequestProtocol.swift in Sources */ = {isa = PBXBuildFile; fileRef = 3A22138A2AE5F31800511D42 /* RequestProtocol.swift */; };
		3A2213912AE5F31800511D42 /* AnimesRequest.swift in Sources */ = {isa = PBXBuildFile; fileRef = 3A22138B2AE5F31800511D42 /* AnimesRequest.swift */; };
		3A2213922AE5F31800511D42 /* NetworkError.swift in Sources */ = {isa = PBXBuildFile; fileRef = 3A22138C2AE5F31800511D42 /* NetworkError.swift */; };
		3A2213942AE5F35600511D42 /* Observable.swift in Sources */ = {isa = PBXBuildFile; fileRef = 3A2213932AE5F35600511D42 /* Observable.swift */; };
		3A2213962AE5F62D00511D42 /* AnimesListTableViewModel.swift in Sources */ = {isa = PBXBuildFile; fileRef = 3A2213952AE5F62D00511D42 /* AnimesListTableViewModel.swift */; };
		3A2213982AE5F9AB00511D42 /* UITableViewCell+Extensions.swift in Sources */ = {isa = PBXBuildFile; fileRef = 3A2213972AE5F9AB00511D42 /* UITableViewCell+Extensions.swift */; };
		3A4835D12AE5FF51004DDC97 /* UIImageView+Extensions.swift in Sources */ = {isa = PBXBuildFile; fileRef = 3A4835D02AE5FF51004DDC97 /* UIImageView+Extensions.swift */; };
		3ACD60272AE5826F007BB173 /* AppDelegate.swift in Sources */ = {isa = PBXBuildFile; fileRef = 3ACD60262AE5826F007BB173 /* AppDelegate.swift */; };
		3ACD60292AE5826F007BB173 /* SceneDelegate.swift in Sources */ = {isa = PBXBuildFile; fileRef = 3ACD60282AE5826F007BB173 /* SceneDelegate.swift */; };
		3ACD602E2AE5826F007BB173 /* Main.storyboard in Resources */ = {isa = PBXBuildFile; fileRef = 3ACD602C2AE5826F007BB173 /* Main.storyboard */; };
		3ACD60302AE58271007BB173 /* Assets.xcassets in Resources */ = {isa = PBXBuildFile; fileRef = 3ACD602F2AE58271007BB173 /* Assets.xcassets */; };
		3ACD60332AE58271007BB173 /* LaunchScreen.storyboard in Resources */ = {isa = PBXBuildFile; fileRef = 3ACD60312AE58271007BB173 /* LaunchScreen.storyboard */; };
		BCF61A11C421A71BCF06E14B /* Pods_AnimesDiscovery.framework in Frameworks */ = {isa = PBXBuildFile; fileRef = 235DB23836A66C733AC16AA8 /* Pods_AnimesDiscovery.framework */; };
/* End PBXBuildFile section */

/* Begin PBXFileReference section */
		235DB23836A66C733AC16AA8 /* Pods_AnimesDiscovery.framework */ = {isa = PBXFileReference; explicitFileType = wrapper.framework; includeInIndex = 0; path = Pods_AnimesDiscovery.framework; sourceTree = BUILT_PRODUCTS_DIR; };
		38CDA8A4959D9909102CC27A /* Pods-AnimesDiscovery.debug.xcconfig */ = {isa = PBXFileReference; includeInIndex = 1; lastKnownFileType = text.xcconfig; name = "Pods-AnimesDiscovery.debug.xcconfig"; path = "Target Support Files/Pods-AnimesDiscovery/Pods-AnimesDiscovery.debug.xcconfig"; sourceTree = "<group>"; };
		3A22136D2AE588D000511D42 /* AnimesListTableViewController.swift */ = {isa = PBXFileReference; lastKnownFileType = sourcecode.swift; path = AnimesListTableViewController.swift; sourceTree = "<group>"; };
		3A22136F2AE588FD00511D42 /* AnimesListTableViewCell.swift */ = {isa = PBXFileReference; lastKnownFileType = sourcecode.swift; path = AnimesListTableViewCell.swift; sourceTree = "<group>"; };
		3A2213702AE588FD00511D42 /* AnimesListTableViewCell.xib */ = {isa = PBXFileReference; lastKnownFileType = file.xib; path = AnimesListTableViewCell.xib; sourceTree = "<group>"; };
		3A2213732AE5AB4200511D42 /* AnimesDiscoveryResponse.swift */ = {isa = PBXFileReference; lastKnownFileType = sourcecode.swift; path = AnimesDiscoveryResponse.swift; sourceTree = "<group>"; };
		3A2213752AE5AEA600511D42 /* AnimesDiscoveryDetailResponse.swift */ = {isa = PBXFileReference; lastKnownFileType = sourcecode.swift; path = AnimesDiscoveryDetailResponse.swift; sourceTree = "<group>"; };
		3A2213782AE5EDCA00511D42 /* ViewCodeProtocol.swift */ = {isa = PBXFileReference; lastKnownFileType = sourcecode.swift; path = ViewCodeProtocol.swift; sourceTree = "<group>"; };
		3A2213872AE5F31800511D42 /* ServiceProtocol.swift */ = {isa = PBXFileReference; fileEncoding = 4; lastKnownFileType = sourcecode.swift; path = ServiceProtocol.swift; sourceTree = "<group>"; };
		3A2213882AE5F31800511D42 /* NetworkService.swift */ = {isa = PBXFileReference; fileEncoding = 4; lastKnownFileType = sourcecode.swift; path = NetworkService.swift; sourceTree = "<group>"; };
		3A2213892AE5F31800511D42 /* HttpMethod.swift */ = {isa = PBXFileReference; fileEncoding = 4; lastKnownFileType = sourcecode.swift; path = HttpMethod.swift; sourceTree = "<group>"; };
		3A22138A2AE5F31800511D42 /* RequestProtocol.swift */ = {isa = PBXFileReference; fileEncoding = 4; lastKnownFileType = sourcecode.swift; path = RequestProtocol.swift; sourceTree = "<group>"; };
		3A22138B2AE5F31800511D42 /* AnimesRequest.swift */ = {isa = PBXFileReference; fileEncoding = 4; lastKnownFileType = sourcecode.swift; path = AnimesRequest.swift; sourceTree = "<group>"; };
		3A22138C2AE5F31800511D42 /* NetworkError.swift */ = {isa = PBXFileReference; fileEncoding = 4; lastKnownFileType = sourcecode.swift; path = NetworkError.swift; sourceTree = "<group>"; };
		3A2213932AE5F35600511D42 /* Observable.swift */ = {isa = PBXFileReference; fileEncoding = 4; lastKnownFileType = sourcecode.swift; path = Observable.swift; sourceTree = "<group>"; };
		3A2213952AE5F62D00511D42 /* AnimesListTableViewModel.swift */ = {isa = PBXFileReference; lastKnownFileType = sourcecode.swift; path = AnimesListTableViewModel.swift; sourceTree = "<group>"; };
		3A2213972AE5F9AB00511D42 /* UITableViewCell+Extensions.swift */ = {isa = PBXFileReference; lastKnownFileType = sourcecode.swift; path = "UITableViewCell+Extensions.swift"; sourceTree = "<group>"; };
		3A4835D02AE5FF51004DDC97 /* UIImageView+Extensions.swift */ = {isa = PBXFileReference; lastKnownFileType = sourcecode.swift; path = "UIImageView+Extensions.swift"; sourceTree = "<group>"; };
		3ACD60232AE5826F007BB173 /* AnimesDiscovery.app */ = {isa = PBXFileReference; explicitFileType = wrapper.application; includeInIndex = 0; path = AnimesDiscovery.app; sourceTree = BUILT_PRODUCTS_DIR; };
		3ACD60262AE5826F007BB173 /* AppDelegate.swift */ = {isa = PBXFileReference; lastKnownFileType = sourcecode.swift; path = AppDelegate.swift; sourceTree = "<group>"; };
		3ACD60282AE5826F007BB173 /* SceneDelegate.swift */ = {isa = PBXFileReference; lastKnownFileType = sourcecode.swift; path = SceneDelegate.swift; sourceTree = "<group>"; };
		3ACD602D2AE5826F007BB173 /* Base */ = {isa = PBXFileReference; lastKnownFileType = file.storyboard; name = Base; path = Base.lproj/Main.storyboard; sourceTree = "<group>"; };
		3ACD602F2AE58271007BB173 /* Assets.xcassets */ = {isa = PBXFileReference; lastKnownFileType = folder.assetcatalog; path = Assets.xcassets; sourceTree = "<group>"; };
		3ACD60322AE58271007BB173 /* Base */ = {isa = PBXFileReference; lastKnownFileType = file.storyboard; name = Base; path = Base.lproj/LaunchScreen.storyboard; sourceTree = "<group>"; };
		3ACD60342AE58271007BB173 /* Info.plist */ = {isa = PBXFileReference; lastKnownFileType = text.plist.xml; path = Info.plist; sourceTree = "<group>"; };
		98952EB3E3F0F932AB708C3C /* Pods-AnimesDiscovery.release.xcconfig */ = {isa = PBXFileReference; includeInIndex = 1; lastKnownFileType = text.xcconfig; name = "Pods-AnimesDiscovery.release.xcconfig"; path = "Target Support Files/Pods-AnimesDiscovery/Pods-AnimesDiscovery.release.xcconfig"; sourceTree = "<group>"; };
/* End PBXFileReference section */

/* Begin PBXFrameworksBuildPhase section */
		3ACD60202AE5826F007BB173 /* Frameworks */ = {
			isa = PBXFrameworksBuildPhase;
			buildActionMask = 2147483647;
			files = (
				BCF61A11C421A71BCF06E14B /* Pods_AnimesDiscovery.framework in Frameworks */,
			);
			runOnlyForDeploymentPostprocessing = 0;
		};
/* End PBXFrameworksBuildPhase section */

/* Begin PBXGroup section */
		015C4889372159E118B994DB /* Pods */ = {
			isa = PBXGroup;
			children = (
				38CDA8A4959D9909102CC27A /* Pods-AnimesDiscovery.debug.xcconfig */,
				98952EB3E3F0F932AB708C3C /* Pods-AnimesDiscovery.release.xcconfig */,
			);
			path = Pods;
			sourceTree = "<group>";
		};
		3A22136B2AE5850E00511D42 /* LifeCycle */ = {
			isa = PBXGroup;
			children = (
				3ACD60262AE5826F007BB173 /* AppDelegate.swift */,
				3ACD60282AE5826F007BB173 /* SceneDelegate.swift */,
			);
			path = LifeCycle;
			sourceTree = "<group>";
		};
		3A22136C2AE587D200511D42 /* AnimesList */ = {
			isa = PBXGroup;
			children = (
				3A22136D2AE588D000511D42 /* AnimesListTableViewController.swift */,
				3A22136F2AE588FD00511D42 /* AnimesListTableViewCell.swift */,
				3A2213702AE588FD00511D42 /* AnimesListTableViewCell.xib */,
				3A2213952AE5F62D00511D42 /* AnimesListTableViewModel.swift */,
			);
			path = AnimesList;
			sourceTree = "<group>";
		};
		3A2213772AE5EDBA00511D42 /* Commons */ = {
			isa = PBXGroup;
			children = (
				3A2213932AE5F35600511D42 /* Observable.swift */,
				3A2213782AE5EDCA00511D42 /* ViewCodeProtocol.swift */,
				3A2213972AE5F9AB00511D42 /* UITableViewCell+Extensions.swift */,
				3A4835D02AE5FF51004DDC97 /* UIImageView+Extensions.swift */,
			);
			path = Commons;
			sourceTree = "<group>";
		};
		3A22137A2AE5EEA000511D42 /* Services */ = {
			isa = PBXGroup;
			children = (
				3A22138B2AE5F31800511D42 /* AnimesRequest.swift */,
				3A2213892AE5F31800511D42 /* HttpMethod.swift */,
				3A22138C2AE5F31800511D42 /* NetworkError.swift */,
				3A2213882AE5F31800511D42 /* NetworkService.swift */,
				3A22138A2AE5F31800511D42 /* RequestProtocol.swift */,
				3A2213872AE5F31800511D42 /* ServiceProtocol.swift */,
			);
			path = Services;
			sourceTree = "<group>";
		};
		3ACD601A2AE5826F007BB173 = {
			isa = PBXGroup;
			children = (
				3ACD60252AE5826F007BB173 /* AnimesDiscovery */,
				3ACD60242AE5826F007BB173 /* Products */,
				015C4889372159E118B994DB /* Pods */,
				74B8FCBA82C2ADA33EAAF31D /* Frameworks */,
			);
			sourceTree = "<group>";
		};
		3ACD60242AE5826F007BB173 /* Products */ = {
			isa = PBXGroup;
			children = (
				3ACD60232AE5826F007BB173 /* AnimesDiscovery.app */,
			);
			name = Products;
			sourceTree = "<group>";
		};
		3ACD60252AE5826F007BB173 /* AnimesDiscovery */ = {
			isa = PBXGroup;
			children = (
				3A22137A2AE5EEA000511D42 /* Services */,
				3A2213772AE5EDBA00511D42 /* Commons */,
				3A22136B2AE5850E00511D42 /* LifeCycle */,
				3ACD603C2AE58371007BB173 /* Models */,
				3ACD603B2AE58368007BB173 /* Scenes */,
				3ACD603A2AE582CD007BB173 /* Resources */,
				3ACD60342AE58271007BB173 /* Info.plist */,
			);
			path = AnimesDiscovery;
			sourceTree = "<group>";
		};
		3ACD603A2AE582CD007BB173 /* Resources */ = {
			isa = PBXGroup;
			children = (
				3ACD602C2AE5826F007BB173 /* Main.storyboard */,
				3ACD602F2AE58271007BB173 /* Assets.xcassets */,
				3ACD60312AE58271007BB173 /* LaunchScreen.storyboard */,
			);
			path = Resources;
			sourceTree = "<group>";
		};
		3ACD603B2AE58368007BB173 /* Scenes */ = {
			isa = PBXGroup;
			children = (
				3A22136C2AE587D200511D42 /* AnimesList */,
			);
			path = Scenes;
			sourceTree = "<group>";
		};
		3ACD603C2AE58371007BB173 /* Models */ = {
			isa = PBXGroup;
			children = (
				3A2213732AE5AB4200511D42 /* AnimesDiscoveryResponse.swift */,
				3A2213752AE5AEA600511D42 /* AnimesDiscoveryDetailResponse.swift */,
			);
			path = Models;
			sourceTree = "<group>";
		};
		74B8FCBA82C2ADA33EAAF31D /* Frameworks */ = {
			isa = PBXGroup;
			children = (
				235DB23836A66C733AC16AA8 /* Pods_AnimesDiscovery.framework */,
			);
			name = Frameworks;
			sourceTree = "<group>";
		};
/* End PBXGroup section */

/* Begin PBXNativeTarget section */
		3ACD60222AE5826F007BB173 /* AnimesDiscovery */ = {
			isa = PBXNativeTarget;
			buildConfigurationList = 3ACD60372AE58271007BB173 /* Build configuration list for PBXNativeTarget "AnimesDiscovery" */;
			buildPhases = (
				31404EC32201D20EB45AD04D /* [CP] Check Pods Manifest.lock */,
				3ACD601F2AE5826F007BB173 /* Sources */,
				3ACD60202AE5826F007BB173 /* Frameworks */,
				3ACD60212AE5826F007BB173 /* Resources */,
				DE41797586C3DBCEF6A5F5C2 /* [CP] Embed Pods Frameworks */,
			);
			buildRules = (
			);
			dependencies = (
			);
			name = AnimesDiscovery;
			productName = AnimesDiscovery;
			productReference = 3ACD60232AE5826F007BB173 /* AnimesDiscovery.app */;
			productType = "com.apple.product-type.application";
		};
/* End PBXNativeTarget section */

/* Begin PBXProject section */
		3ACD601B2AE5826F007BB173 /* Project object */ = {
			isa = PBXProject;
			attributes = {
				BuildIndependentTargetsInParallel = 1;
				LastSwiftUpdateCheck = 1500;
				LastUpgradeCheck = 1500;
				TargetAttributes = {
					3ACD60222AE5826F007BB173 = {
						CreatedOnToolsVersion = 15.0.1;
					};
				};
			};
			buildConfigurationList = 3ACD601E2AE5826F007BB173 /* Build configuration list for PBXProject "AnimesDiscovery" */;
			compatibilityVersion = "Xcode 14.0";
			developmentRegion = en;
			hasScannedForEncodings = 0;
			knownRegions = (
				en,
				Base,
			);
			mainGroup = 3ACD601A2AE5826F007BB173;
			productRefGroup = 3ACD60242AE5826F007BB173 /* Products */;
			projectDirPath = "";
			projectRoot = "";
			targets = (
				3ACD60222AE5826F007BB173 /* AnimesDiscovery */,
			);
		};
/* End PBXProject section */

/* Begin PBXResourcesBuildPhase section */
		3ACD60212AE5826F007BB173 /* Resources */ = {
			isa = PBXResourcesBuildPhase;
			buildActionMask = 2147483647;
			files = (
				3A2213722AE588FD00511D42 /* AnimesListTableViewCell.xib in Resources */,
				3ACD60332AE58271007BB173 /* LaunchScreen.storyboard in Resources */,
				3ACD60302AE58271007BB173 /* Assets.xcassets in Resources */,
				3ACD602E2AE5826F007BB173 /* Main.storyboard in Resources */,
			);
			runOnlyForDeploymentPostprocessing = 0;
		};
/* End PBXResourcesBuildPhase section */

/* Begin PBXShellScriptBuildPhase section */
		31404EC32201D20EB45AD04D /* [CP] Check Pods Manifest.lock */ = {
			isa = PBXShellScriptBuildPhase;
			buildActionMask = 2147483647;
			files = (
			);
			inputFileListPaths = (
			);
			inputPaths = (
				"${PODS_PODFILE_DIR_PATH}/Podfile.lock",
				"${PODS_ROOT}/Manifest.lock",
			);
			name = "[CP] Check Pods Manifest.lock";
			outputFileListPaths = (
			);
			outputPaths = (
				"$(DERIVED_FILE_DIR)/Pods-AnimesDiscovery-checkManifestLockResult.txt",
			);
			runOnlyForDeploymentPostprocessing = 0;
			shellPath = /bin/sh;
			shellScript = "diff \"${PODS_PODFILE_DIR_PATH}/Podfile.lock\" \"${PODS_ROOT}/Manifest.lock\" > /dev/null\nif [ $? != 0 ] ; then\n    # print error to STDERR\n    echo \"error: The sandbox is not in sync with the Podfile.lock. Run 'pod install' or update your CocoaPods installation.\" >&2\n    exit 1\nfi\n# This output is used by Xcode 'outputs' to avoid re-running this script phase.\necho \"SUCCESS\" > \"${SCRIPT_OUTPUT_FILE_0}\"\n";
			showEnvVarsInLog = 0;
		};
		DE41797586C3DBCEF6A5F5C2 /* [CP] Embed Pods Frameworks */ = {
			isa = PBXShellScriptBuildPhase;
			buildActionMask = 2147483647;
			files = (
			);
			inputFileListPaths = (
				"${PODS_ROOT}/Target Support Files/Pods-AnimesDiscovery/Pods-AnimesDiscovery-frameworks-${CONFIGURATION}-input-files.xcfilelist",
			);
			name = "[CP] Embed Pods Frameworks";
			outputFileListPaths = (
				"${PODS_ROOT}/Target Support Files/Pods-AnimesDiscovery/Pods-AnimesDiscovery-frameworks-${CONFIGURATION}-output-files.xcfilelist",
			);
			runOnlyForDeploymentPostprocessing = 0;
			shellPath = /bin/sh;
			shellScript = "\"${PODS_ROOT}/Target Support Files/Pods-AnimesDiscovery/Pods-AnimesDiscovery-frameworks.sh\"\n";
			showEnvVarsInLog = 0;
		};
/* End PBXShellScriptBuildPhase section */

/* Begin PBXSourcesBuildPhase section */
		3ACD601F2AE5826F007BB173 /* Sources */ = {
			isa = PBXSourcesBuildPhase;
			buildActionMask = 2147483647;
			files = (
				3A2213712AE588FD00511D42 /* AnimesListTableViewCell.swift in Sources */,
				3A2213762AE5AEA600511D42 /* AnimesDiscoveryDetailResponse.swift in Sources */,
				3A2213912AE5F31800511D42 /* AnimesRequest.swift in Sources */,
				3A22138F2AE5F31800511D42 /* HttpMethod.swift in Sources */,
				3A4835D12AE5FF51004DDC97 /* UIImageView+Extensions.swift in Sources */,
				3A2213742AE5AB4200511D42 /* AnimesDiscoveryResponse.swift in Sources */,
				3A22138D2AE5F31800511D42 /* ServiceProtocol.swift in Sources */,
				3A22138E2AE5F31800511D42 /* NetworkService.swift in Sources */,
				3A2213902AE5F31800511D42 /* RequestProtocol.swift in Sources */,
				3ACD60272AE5826F007BB173 /* AppDelegate.swift in Sources */,
				3A2213792AE5EDCA00511D42 /* ViewCodeProtocol.swift in Sources */,
				3A2213942AE5F35600511D42 /* Observable.swift in Sources */,
				3A2213922AE5F31800511D42 /* NetworkError.swift in Sources */,
				3A22136E2AE588D000511D42 /* AnimesListTableViewController.swift in Sources */,
				3ACD60292AE5826F007BB173 /* SceneDelegate.swift in Sources */,
				3A2213982AE5F9AB00511D42 /* UITableViewCell+Extensions.swift in Sources */,
				3A2213962AE5F62D00511D42 /* AnimesListTableViewModel.swift in Sources */,
			);
			runOnlyForDeploymentPostprocessing = 0;
		};
/* End PBXSourcesBuildPhase section */

/* Begin PBXVariantGroup section */
		3ACD602C2AE5826F007BB173 /* Main.storyboard */ = {
			isa = PBXVariantGroup;
			children = (
				3ACD602D2AE5826F007BB173 /* Base */,
			);
			name = Main.storyboard;
			sourceTree = "<group>";
		};
		3ACD60312AE58271007BB173 /* LaunchScreen.storyboard */ = {
			isa = PBXVariantGroup;
			children = (
				3ACD60322AE58271007BB173 /* Base */,
			);
			name = LaunchScreen.storyboard;
			sourceTree = "<group>";
		};
/* End PBXVariantGroup section */

/* Begin XCBuildConfiguration section */
		3ACD60352AE58271007BB173 /* Debug */ = {
			isa = XCBuildConfiguration;
			buildSettings = {
				ALWAYS_SEARCH_USER_PATHS = NO;
				ASSETCATALOG_COMPILER_GENERATE_SWIFT_ASSET_SYMBOL_EXTENSIONS = YES;
				CLANG_ANALYZER_NONNULL = YES;
				CLANG_ANALYZER_NUMBER_OBJECT_CONVERSION = YES_AGGRESSIVE;
				CLANG_CXX_LANGUAGE_STANDARD = "gnu++20";
				CLANG_ENABLE_MODULES = YES;
				CLANG_ENABLE_OBJC_ARC = YES;
				CLANG_ENABLE_OBJC_WEAK = YES;
				CLANG_WARN_BLOCK_CAPTURE_AUTORELEASING = YES;
				CLANG_WARN_BOOL_CONVERSION = YES;
				CLANG_WARN_COMMA = YES;
				CLANG_WARN_CONSTANT_CONVERSION = YES;
				CLANG_WARN_DEPRECATED_OBJC_IMPLEMENTATIONS = YES;
				CLANG_WARN_DIRECT_OBJC_ISA_USAGE = YES_ERROR;
				CLANG_WARN_DOCUMENTATION_COMMENTS = YES;
				CLANG_WARN_EMPTY_BODY = YES;
				CLANG_WARN_ENUM_CONVERSION = YES;
				CLANG_WARN_INFINITE_RECURSION = YES;
				CLANG_WARN_INT_CONVERSION = YES;
				CLANG_WARN_NON_LITERAL_NULL_CONVERSION = YES;
				CLANG_WARN_OBJC_IMPLICIT_RETAIN_SELF = YES;
				CLANG_WARN_OBJC_LITERAL_CONVERSION = YES;
				CLANG_WARN_OBJC_ROOT_CLASS = YES_ERROR;
				CLANG_WARN_QUOTED_INCLUDE_IN_FRAMEWORK_HEADER = YES;
				CLANG_WARN_RANGE_LOOP_ANALYSIS = YES;
				CLANG_WARN_STRICT_PROTOTYPES = YES;
				CLANG_WARN_SUSPICIOUS_MOVE = YES;
				CLANG_WARN_UNGUARDED_AVAILABILITY = YES_AGGRESSIVE;
				CLANG_WARN_UNREACHABLE_CODE = YES;
				CLANG_WARN__DUPLICATE_METHOD_MATCH = YES;
				COPY_PHASE_STRIP = NO;
				DEBUG_INFORMATION_FORMAT = dwarf;
				ENABLE_STRICT_OBJC_MSGSEND = YES;
				ENABLE_TESTABILITY = YES;
				ENABLE_USER_SCRIPT_SANDBOXING = NO;
				GCC_C_LANGUAGE_STANDARD = gnu17;
				GCC_DYNAMIC_NO_PIC = NO;
				GCC_NO_COMMON_BLOCKS = YES;
				GCC_OPTIMIZATION_LEVEL = 0;
				GCC_PREPROCESSOR_DEFINITIONS = (
					"DEBUG=1",
					"$(inherited)",
				);
				GCC_WARN_64_TO_32_BIT_CONVERSION = YES;
				GCC_WARN_ABOUT_RETURN_TYPE = YES_ERROR;
				GCC_WARN_UNDECLARED_SELECTOR = YES;
				GCC_WARN_UNINITIALIZED_AUTOS = YES_AGGRESSIVE;
				GCC_WARN_UNUSED_FUNCTION = YES;
				GCC_WARN_UNUSED_VARIABLE = YES;
				IPHONEOS_DEPLOYMENT_TARGET = 17.0;
				LOCALIZATION_PREFERS_STRING_CATALOGS = YES;
				MTL_ENABLE_DEBUG_INFO = INCLUDE_SOURCE;
				MTL_FAST_MATH = YES;
				ONLY_ACTIVE_ARCH = YES;
				SDKROOT = iphoneos;
				SWIFT_ACTIVE_COMPILATION_CONDITIONS = "DEBUG $(inherited)";
				SWIFT_OPTIMIZATION_LEVEL = "-Onone";
			};
			name = Debug;
		};
		3ACD60362AE58271007BB173 /* Release */ = {
			isa = XCBuildConfiguration;
			buildSettings = {
				ALWAYS_SEARCH_USER_PATHS = NO;
				ASSETCATALOG_COMPILER_GENERATE_SWIFT_ASSET_SYMBOL_EXTENSIONS = YES;
				CLANG_ANALYZER_NONNULL = YES;
				CLANG_ANALYZER_NUMBER_OBJECT_CONVERSION = YES_AGGRESSIVE;
				CLANG_CXX_LANGUAGE_STANDARD = "gnu++20";
				CLANG_ENABLE_MODULES = YES;
				CLANG_ENABLE_OBJC_ARC = YES;
				CLANG_ENABLE_OBJC_WEAK = YES;
				CLANG_WARN_BLOCK_CAPTURE_AUTORELEASING = YES;
				CLANG_WARN_BOOL_CONVERSION = YES;
				CLANG_WARN_COMMA = YES;
				CLANG_WARN_CONSTANT_CONVERSION = YES;
				CLANG_WARN_DEPRECATED_OBJC_IMPLEMENTATIONS = YES;
				CLANG_WARN_DIRECT_OBJC_ISA_USAGE = YES_ERROR;
				CLANG_WARN_DOCUMENTATION_COMMENTS = YES;
				CLANG_WARN_EMPTY_BODY = YES;
				CLANG_WARN_ENUM_CONVERSION = YES;
				CLANG_WARN_INFINITE_RECURSION = YES;
				CLANG_WARN_INT_CONVERSION = YES;
				CLANG_WARN_NON_LITERAL_NULL_CONVERSION = YES;
				CLANG_WARN_OBJC_IMPLICIT_RETAIN_SELF = YES;
				CLANG_WARN_OBJC_LITERAL_CONVERSION = YES;
				CLANG_WARN_OBJC_ROOT_CLASS = YES_ERROR;
				CLANG_WARN_QUOTED_INCLUDE_IN_FRAMEWORK_HEADER = YES;
				CLANG_WARN_RANGE_LOOP_ANALYSIS = YES;
				CLANG_WARN_STRICT_PROTOTYPES = YES;
				CLANG_WARN_SUSPICIOUS_MOVE = YES;
				CLANG_WARN_UNGUARDED_AVAILABILITY = YES_AGGRESSIVE;
				CLANG_WARN_UNREACHABLE_CODE = YES;
				CLANG_WARN__DUPLICATE_METHOD_MATCH = YES;
				COPY_PHASE_STRIP = NO;
				DEBUG_INFORMATION_FORMAT = "dwarf-with-dsym";
				ENABLE_NS_ASSERTIONS = NO;
				ENABLE_STRICT_OBJC_MSGSEND = YES;
				ENABLE_USER_SCRIPT_SANDBOXING = NO;
				GCC_C_LANGUAGE_STANDARD = gnu17;
				GCC_NO_COMMON_BLOCKS = YES;
				GCC_WARN_64_TO_32_BIT_CONVERSION = YES;
				GCC_WARN_ABOUT_RETURN_TYPE = YES_ERROR;
				GCC_WARN_UNDECLARED_SELECTOR = YES;
				GCC_WARN_UNINITIALIZED_AUTOS = YES_AGGRESSIVE;
				GCC_WARN_UNUSED_FUNCTION = YES;
				GCC_WARN_UNUSED_VARIABLE = YES;
				IPHONEOS_DEPLOYMENT_TARGET = 17.0;
				LOCALIZATION_PREFERS_STRING_CATALOGS = YES;
				MTL_ENABLE_DEBUG_INFO = NO;
				MTL_FAST_MATH = YES;
				SDKROOT = iphoneos;
				SWIFT_COMPILATION_MODE = wholemodule;
				VALIDATE_PRODUCT = YES;
			};
			name = Release;
		};
		3ACD60382AE58271007BB173 /* Debug */ = {
			isa = XCBuildConfiguration;
			baseConfigurationReference = 38CDA8A4959D9909102CC27A /* Pods-AnimesDiscovery.debug.xcconfig */;
			buildSettings = {
				ASSETCATALOG_COMPILER_APPICON_NAME = AppIcon;
				ASSETCATALOG_COMPILER_GLOBAL_ACCENT_COLOR_NAME = AccentColor;
				CODE_SIGN_STYLE = Automatic;
				CURRENT_PROJECT_VERSION = 1;
				DEVELOPMENT_TEAM = 57Y3YQWHXT;
				GENERATE_INFOPLIST_FILE = YES;
				INFOPLIST_FILE = AnimesDiscovery/Info.plist;
				INFOPLIST_KEY_UIApplicationSupportsIndirectInputEvents = YES;
				INFOPLIST_KEY_UILaunchStoryboardName = LaunchScreen;
				INFOPLIST_KEY_UIMainStoryboardFile = Main;
				INFOPLIST_KEY_UISupportedInterfaceOrientations = UIInterfaceOrientationPortrait;
				INFOPLIST_KEY_UISupportedInterfaceOrientations_iPad = "UIInterfaceOrientationLandscapeLeft UIInterfaceOrientationLandscapeRight UIInterfaceOrientationPortrait UIInterfaceOrientationPortraitUpsideDown";
				LD_RUNPATH_SEARCH_PATHS = (
					"$(inherited)",
					"@executable_path/Frameworks",
				);
				MARKETING_VERSION = 1.0;
				PRODUCT_BUNDLE_IDENTIFIER = com.rafael.barreto.AnimesDiscovery;
				PRODUCT_NAME = "$(TARGET_NAME)";
				SUPPORTED_PLATFORMS = "iphoneos iphonesimulator";
				SUPPORTS_MACCATALYST = NO;
				SUPPORTS_MAC_DESIGNED_FOR_IPHONE_IPAD = NO;
				SWIFT_EMIT_LOC_STRINGS = YES;
				SWIFT_VERSION = 5.0;
				TARGETED_DEVICE_FAMILY = 1;
			};
			name = Debug;
		};
		3ACD60392AE58271007BB173 /* Release */ = {
			isa = XCBuildConfiguration;
			baseConfigurationReference = 98952EB3E3F0F932AB708C3C /* Pods-AnimesDiscovery.release.xcconfig */;
			buildSettings = {
				ASSETCATALOG_COMPILER_APPICON_NAME = AppIcon;
				ASSETCATALOG_COMPILER_GLOBAL_ACCENT_COLOR_NAME = AccentColor;
				CODE_SIGN_STYLE = Automatic;
				CURRENT_PROJECT_VERSION = 1;
				DEVELOPMENT_TEAM = 57Y3YQWHXT;
				GENERATE_INFOPLIST_FILE = YES;
				INFOPLIST_FILE = AnimesDiscovery/Info.plist;
				INFOPLIST_KEY_UIApplicationSupportsIndirectInputEvents = YES;
				INFOPLIST_KEY_UILaunchStoryboardName = LaunchScreen;
				INFOPLIST_KEY_UIMainStoryboardFile = Main;
				INFOPLIST_KEY_UISupportedInterfaceOrientations = UIInterfaceOrientationPortrait;
				INFOPLIST_KEY_UISupportedInterfaceOrientations_iPad = "UIInterfaceOrientationLandscapeLeft UIInterfaceOrientationLandscapeRight UIInterfaceOrientationPortrait UIInterfaceOrientationPortraitUpsideDown";
				LD_RUNPATH_SEARCH_PATHS = (
					"$(inherited)",
					"@executable_path/Frameworks",
				);
				MARKETING_VERSION = 1.0;
				PRODUCT_BUNDLE_IDENTIFIER = com.rafael.barreto.AnimesDiscovery;
				PRODUCT_NAME = "$(TARGET_NAME)";
				SUPPORTED_PLATFORMS = "iphoneos iphonesimulator";
				SUPPORTS_MACCATALYST = NO;
				SUPPORTS_MAC_DESIGNED_FOR_IPHONE_IPAD = NO;
				SWIFT_EMIT_LOC_STRINGS = YES;
				SWIFT_VERSION = 5.0;
				TARGETED_DEVICE_FAMILY = 1;
			};
			name = Release;
		};
/* End XCBuildConfiguration section */

/* Begin XCConfigurationList section */
		3ACD601E2AE5826F007BB173 /* Build configuration list for PBXProject "AnimesDiscovery" */ = {
			isa = XCConfigurationList;
			buildConfigurations = (
				3ACD60352AE58271007BB173 /* Debug */,
				3ACD60362AE58271007BB173 /* Release */,
			);
			defaultConfigurationIsVisible = 0;
			defaultConfigurationName = Release;
		};
		3ACD60372AE58271007BB173 /* Build configuration list for PBXNativeTarget "AnimesDiscovery" */ = {
			isa = XCConfigurationList;
			buildConfigurations = (
				3ACD60382AE58271007BB173 /* Debug */,
				3ACD60392AE58271007BB173 /* Release */,
			);
			defaultConfigurationIsVisible = 0;
			defaultConfigurationName = Release;
		};
/* End XCConfigurationList section */
	};
	rootObject = 3ACD601B2AE5826F007BB173 /* Project object */;
}
