PODS:
  - CoreUI (0.1.0):
    - CoreUI/Release (= 0.1.0)
  - CoreUI/Release (0.1.0)

DEPENDENCIES:
  - CoreUI (from `../CoreUI/`)

EXTERNAL SOURCES:
  CoreUI:
    :path: "../CoreUI/"

SPEC CHECKSUMS:
  CoreUI: bdd73498ca1fb4fc7a4d8f1b219f582bcbf9a7c4

PODFILE CHECKSUM: ac7a6f874cd79f32ca569e5eaba86f22c029dc7e

COCOAPODS: 1.13.0
